
Microsoft Visual Studio Solution File, Format Version 12.00
# Visual Studio Version 17
VisualStudioVersion = 17.9.34622.214
MinimumVisualStudioVersion = 10.0.40219.1
Project("{9A19103F-16F7-4668-BE54-9A1E7A4F7556}") = "Shared", "Shared\Shared.csproj", "{B5432B3D-7A63-4872-B279-E92CDBFDF35C}"
EndProject
Project("{FAE04EC0-301F-11D3-BF4B-00C04F79EFBC}") = "OrderWorker", "OrderWorker\OrderWorker.csproj", "{71B8D746-E08B-4E5D-9337-B15C1149C65F}"
EndProject
Project("{FAE04EC0-301F-11D3-BF4B-00C04F79EFBC}") = "OrderAPI", "OrderAPI\OrderAPI.csproj", "{47433DAC-4DCE-4064-B7E2-AF55ACB6E193}"
EndProject
Project("{FAE04EC0-301F-11D3-BF4B-00C04F79EFBC}") = "StockWorker", "StockWorker\StockWorker.csproj", "{CC6CA49E-D5F9-4EED-B8BD-CF9451FC860A}"
EndProject
Project("{FAE04EC0-301F-11D3-BF4B-00C04F79EFBC}") = "PaymentWorker", "PaymentWorker\PaymentWorker.csproj", "{916709FE-208E-4A12-99E9-20A280DB541A}"
EndProject
Global
	GlobalSection(SolutionConfigurationPlatforms) = preSolution
		Debug|Any CPU = Debug|Any CPU
		Release|Any CPU = Release|Any CPU
	EndGlobalSection
	GlobalSection(ProjectConfigurationPlatforms) = postSolution
		{B5432B3D-7A63-4872-B279-E92CDBFDF35C}.Debug|Any CPU.ActiveCfg = Debug|Any CPU
		{B5432B3D-7A63-4872-B279-E92CDBFDF35C}.Debug|Any CPU.Build.0 = Debug|Any CPU
		{B5432B3D-7A63-4872-B279-E92CDBFDF35C}.Release|Any CPU.ActiveCfg = Release|Any CPU
		{B5432B3D-7A63-4872-B279-E92CDBFDF35C}.Release|Any CPU.Build.0 = Release|Any CPU
		{71B8D746-E08B-4E5D-9337-B15C1149C65F}.Debug|Any CPU.ActiveCfg = Debug|Any CPU
		{71B8D746-E08B-4E5D-9337-B15C1149C65F}.Debug|Any CPU.Build.0 = Debug|Any CPU
		{71B8D746-E08B-4E5D-9337-B15C1149C65F}.Release|Any CPU.ActiveCfg = Release|Any CPU
		{71B8D746-E08B-4E5D-9337-B15C1149C65F}.Release|Any CPU.Build.0 = Release|Any CPU
		{47433DAC-4DCE-4064-B7E2-AF55ACB6E193}.Debug|Any CPU.ActiveCfg = Debug|Any CPU
		{47433DAC-4DCE-4064-B7E2-AF55ACB6E193}.Debug|Any CPU.Build.0 = Debug|Any CPU
		{47433DAC-4DCE-4064-B7E2-AF55ACB6E193}.Release|Any CPU.ActiveCfg = Release|Any CPU
		{47433DAC-4DCE-4064-B7E2-AF55ACB6E193}.Release|Any CPU.Build.0 = Release|Any CPU
		{CC6CA49E-D5F9-4EED-B8BD-CF9451FC860A}.Debug|Any CPU.ActiveCfg = Debug|Any CPU
		{CC6CA49E-D5F9-4EED-B8BD-CF9451FC860A}.Debug|Any CPU.Build.0 = Debug|Any CPU
		{CC6CA49E-D5F9-4EED-B8BD-CF9451FC860A}.Release|Any CPU.ActiveCfg = Release|Any CPU
		{CC6CA49E-D5F9-4EED-B8BD-CF9451FC860A}.Release|Any CPU.Build.0 = Release|Any CPU
		{916709FE-208E-4A12-99E9-20A280DB541A}.Debug|Any CPU.ActiveCfg = Debug|Any CPU
		{916709FE-208E-4A12-99E9-20A280DB541A}.Debug|Any CPU.Build.0 = Debug|Any CPU
		{916709FE-208E-4A12-99E9-20A280DB541A}.Release|Any CPU.ActiveCfg = Release|Any CPU
		{916709FE-208E-4A12-99E9-20A280DB541A}.Release|Any CPU.Build.0 = Release|Any CPU
	EndGlobalSection
	GlobalSection(SolutionProperties) = preSolution
		HideSolutionNode = FALSE
	EndGlobalSection
	GlobalSection(ExtensibilityGlobals) = postSolution
		SolutionGuid = {4D3103C2-AC61-4B7C-B34A-E005D121D2C3}
	EndGlobalSection
EndGlobal
